
Microsoft Visual Studio Solution File, Format Version 12.00
# Visual Studio Version 17
VisualStudioVersion = 17.11.35312.102
MinimumVisualStudioVersion = 10.0.40219.1
Project("{FAE04EC0-301F-11D3-BF4B-00C04F79EFBC}") = "marketplaceApp", "marketplaceApp\marketplaceApp.csproj", "{C19D00FC-A853-45D4-A0C0-5F1323961E89}"
EndProject
Global
	GlobalSection(SolutionConfigurationPlatforms) = preSolution
		Debug|Any CPU = Debug|Any CPU
		Release|Any CPU = Release|Any CPU
	EndGlobalSection
	GlobalSection(ProjectConfigurationPlatforms) = postSolution
		{C19D00FC-A853-45D4-A0C0-5F1323961E89}.Debug|Any CPU.ActiveCfg = Debug|Any CPU
		{C19D00FC-A853-45D4-A0C0-5F1323961E89}.Debug|Any CPU.Build.0 = Debug|Any CPU
		{C19D00FC-A853-45D4-A0C0-5F1323961E89}.Release|Any CPU.ActiveCfg = Release|Any CPU
		{C19D00FC-A853-45D4-A0C0-5F1323961E89}.Release|Any CPU.Build.0 = Release|Any CPU
	EndGlobalSection
	GlobalSection(SolutionProperties) = preSolution
		HideSolutionNode = FALSE
	EndGlobalSection
	GlobalSection(ExtensibilityGlobals) = postSolution
		SolutionGuid = {8CD0F1E8-9830-4EFD-80D2-7F1E91A36CB0}
	EndGlobalSection
EndGlobal
